
Microsoft Visual Studio Solution File, Format Version 12.00
# Visual Studio Version 17
VisualStudioVersion = 17.6.33829.357
MinimumVisualStudioVersion = 10.0.40219.1
Project("{FAE04EC0-301F-11D3-BF4B-00C04F79EFBC}") = "CatalogOnlineWeb", "CatalogOnlineWeb\CatalogOnlineWeb.csproj", "{DEA93DEF-B8CC-46AB-8076-80A9E95F59A9}"
EndProject
Global
	GlobalSection(SolutionConfigurationPlatforms) = preSolution
		Debug|Any CPU = Debug|Any CPU
		Release|Any CPU = Release|Any CPU
	EndGlobalSection
	GlobalSection(ProjectConfigurationPlatforms) = postSolution
		{DEA93DEF-B8CC-46AB-8076-80A9E95F59A9}.Debug|Any CPU.ActiveCfg = Debug|Any CPU
		{DEA93DEF-B8CC-46AB-8076-80A9E95F59A9}.Debug|Any CPU.Build.0 = Debug|Any CPU
		{DEA93DEF-B8CC-46AB-8076-80A9E95F59A9}.Release|Any CPU.ActiveCfg = Release|Any CPU
		{DEA93DEF-B8CC-46AB-8076-80A9E95F59A9}.Release|Any CPU.Build.0 = Release|Any CPU
	EndGlobalSection
	GlobalSection(SolutionProperties) = preSolution
		HideSolutionNode = FALSE
	EndGlobalSection
	GlobalSection(ExtensibilityGlobals) = postSolution
		SolutionGuid = {0AB70238-D6DC-41BC-9F2B-36B260B77B4A}
	EndGlobalSection
EndGlobal
